
Microsoft Visual Studio Solution File, Format Version 12.00
# Visual Studio Version 17
VisualStudioVersion = 17.3.32901.215
MinimumVisualStudioVersion = 10.0.40219.1
Project("{FAE04EC0-301F-11D3-BF4B-00C04F79EFBC}") = "OfficeRentApp", "OfficeRentApp\OfficeRentApp.csproj", "{CEDF08F7-CD1F-4914-B661-9F68A3359A40}"
EndProject
Global
	GlobalSection(SolutionConfigurationPlatforms) = preSolution
		Debug|Any CPU = Debug|Any CPU
		Release|Any CPU = Release|Any CPU
	EndGlobalSection
	GlobalSection(ProjectConfigurationPlatforms) = postSolution
		{CEDF08F7-CD1F-4914-B661-9F68A3359A40}.Debug|Any CPU.ActiveCfg = Debug|Any CPU
		{CEDF08F7-CD1F-4914-B661-9F68A3359A40}.Debug|Any CPU.Build.0 = Debug|Any CPU
		{CEDF08F7-CD1F-4914-B661-9F68A3359A40}.Release|Any CPU.ActiveCfg = Release|Any CPU
		{CEDF08F7-CD1F-4914-B661-9F68A3359A40}.Release|Any CPU.Build.0 = Release|Any CPU
	EndGlobalSection
	GlobalSection(SolutionProperties) = preSolution
		HideSolutionNode = FALSE
	EndGlobalSection
	GlobalSection(ExtensibilityGlobals) = postSolution
		SolutionGuid = {E300C29A-5E05-4003-BB8C-6B07248DD0B6}
	EndGlobalSection
EndGlobal
